# This file is automatically @generated by Poetry 1.8.2 and should not be changed by hand.

[[package]]
name = "ConfigSpace"
version = "0.7.1"
description = "Creation and manipulation of parameter configuration spaces for automated algorithm configuration and hyperparameter tuning. "
optional = false
python-versions = "*"
files = []

[[package]]
name = "cuda-python"
version = "12.5.0"
description = "Python bindings for CUDA"
optional = false
python-versions = "*"
files = []
develop = false

[package.source]
type = "directory"
url = "../../../../../../opt/conda/conda-bld/cuda-python_1714499090239/work"

[[package]]
name = "databricks-sdk"
version = "0.25.1"
description = "Databricks SDK for Python (Beta)"
optional = false
python-versions = "*"
files = []

[[package]]
name = "GPUtil"
version = "1.4.0"
description = "GPUtil is a Python module for getting the GPU status from NVIDA GPUs using nvidia-smi."
optional = false
python-versions = "*"
files = []

[[package]]
name = "jupyter"
version = "1.0.0"
description = "Jupyter metapackage. Install all the Jupyter components in one go."
optional = false
python-versions = "*"
files = []

[[package]]
name = "keras"
version = "3.2.1"
description = "Multi-backend Keras."
optional = false
python-versions = "*"
files = []

[[package]]
name = "mat73"
version = "0.63"
description = "Load MATLAB .mat 7.3 into Python native data types (via h5/hd5/hdf5/h5py)"
optional = false
python-versions = "*"
files = []

[[package]]
name = "matplotlib"
version = "3.8.4"
description = "Python plotting package"
optional = false
python-versions = "*"
files = []

[[package]]
name = "mlflow"
version = "2.12.1"
description = "MLflow is an open source platform for the complete machine learning lifecycle"
optional = false
python-versions = "*"
files = []

[[package]]
name = "numpy"
version = "1.26.4"
description = "Fundamental package for array computing in Python"
optional = false
python-versions = "*"
files = []

[[package]]
name = "openpyxl"
version = "3.1.2"
description = "A Python library to read/write Excel 2010 xlsx/xlsm files"
optional = false
python-versions = "*"
files = []

[[package]]
name = "pandas"
version = "2.2.2"
description = "Powerful data structures for data analysis, time series, and statistics"
optional = false
python-versions = "*"
files = []

[[package]]
name = "pip"
version = "24.0"
description = "The PyPA recommended tool for installing Python packages."
optional = false
python-versions = "*"
files = []

[[package]]
name = "plotly"
version = "5.21.0"
description = "An open-source, interactive data visualization library for Python"
optional = false
python-versions = "*"
files = []

[[package]]
name = "polars"
version = "0.20.21"
description = "Blazingly fast DataFrame library"
optional = false
python-versions = "*"
files = []

[[package]]
name = "pyarrow"
version = "15.0.2"
description = "Python library for Apache Arrow"
optional = false
python-versions = "*"
files = []

[[package]]
name = "pydot"
version = "2.0.0"
description = "Python interface to Graphviz's Dot"
optional = false
python-versions = "*"
files = []

[[package]]
name = "pyopenms"
version = "3.1.0"
description = "Python wrapper for C++ LC-MS library OpenMS"
optional = false
python-versions = "*"
files = []

[[package]]
name = "pytorch-cuda"
version = "12.1"
description = ""
optional = false
python-versions = "*"
files = []

[[package]]
name = "pyzmq"
version = "26.0.3"
description = "Python bindings for 0MQ"
optional = false
python-versions = "*"
files = []
develop = false

[package.source]
type = "directory"
url = "../../../../../../home/conda/feedstock_root/build_artifacts/pyzmq_1715024370414/work"

[[package]]
name = "rsa"
version = "4.9"
description = "Pure-Python RSA implementation"
optional = false
python-versions = "*"
files = []

[[package]]
name = "scikit-learn"
version = "1.4.2"
description = "A set of python modules for machine learning and data mining"
optional = false
python-versions = "*"
files = []

[[package]]
name = "scipy"
version = "1.13.0"
description = "Fundamental algorithms for scientific computing in Python"
optional = false
python-versions = "*"
files = []

[[package]]
name = "seaborn"
version = "0.13.2"
description = "Statistical data visualization"
optional = false
python-versions = "*"
files = []

[[package]]
name = "smac"
version = "2.0.2"
description = "SMAC3, a Python implementation of 'Sequential Model-based Algorithm Configuration'."
optional = false
python-versions = "*"
files = []

[[package]]
name = "statsmodels"
version = "0.14.2"
description = "Statistical computations and models for Python"
optional = false
python-versions = "*"
files = []

[[package]]
name = "swig"
version = "4.2.1"
description = "SWIG is a software development tool that connects programs written in C and C++ with a variety of high-level programming languages."
optional = false
python-versions = "*"
files = []

[[package]]
name = "tensorflow"
version = "2.16.1"
description = "TensorFlow is an open source machine learning framework for everyone."
optional = false
python-versions = "*"
files = []

[[package]]
name = "torch"
version = "2.2.2"
description = "Tensors and Dynamic neural networks in Python with strong GPU acceleration"
optional = false
python-versions = "*"
files = []

[[package]]
name = "torchaudio"
version = "2.2.2"
description = "An audio package for PyTorch"
optional = false
python-versions = "*"
files = []

[[package]]
name = "torchvision"
version = "0.17.2"
description = "image and video datasets and models for torch deep learning"
optional = false
python-versions = "*"
files = []

[[package]]
name = "tqdm"
version = "4.66.2"
description = "Fast, Extensible Progress Meter"
optional = false
python-versions = "*"
files = []

[metadata]
lock-version = "2.0"
python-versions = "^3.11"
content-hash = "08e3d4df1e4a33253663b4538cff9b9a11e6c491c3fb4f53b4c3b0f7c1bfcf16"
